PODS:
  - Grapher (0.0.1)
  - Reveal-iOS-SDK (1.5.1)

DEPENDENCIES:
  - Grapher (from `../`)
  - Reveal-iOS-SDK

EXTERNAL SOURCES:
  Grapher:
    :path: ../

SPEC CHECKSUMS:
  Grapher: 9a580ae3e60df6cb3f00f195d8484f4805672480
  Reveal-iOS-SDK: c9c55cad2729c85f6ced415f1b21857c9a2d8ef9

COCOAPODS: 0.39.0
